
Microsoft Visual Studio Solution File, Format Version 12.00
# Visual Studio Version 18
VisualStudioVersion = 18.5.11716.220 stable
MinimumVisualStudioVersion = 10.0.40219.1
Project("{FAE04EC0-301F-11D3-BF4B-00C04F79EFBC}") = "Twix", "Twix.csproj", "{4AAE605D-508F-CB95-3627-C2FB7FD804C0}"
EndProject
Global
	GlobalSection(SolutionConfigurationPlatforms) = preSolution
		Debug|Any CPU = Debug|Any CPU
		Release|Any CPU = Release|Any CPU
	EndGlobalSection
	GlobalSection(ProjectConfigurationPlatforms) = postSolution
		{4AAE605D-508F-CB95-3627-C2FB7FD804C0}.Debug|Any CPU.ActiveCfg = Debug|Any CPU
		{4AAE605D-508F-CB95-3627-C2FB7FD804C0}.Debug|Any CPU.Build.0 = Debug|Any CPU
		{4AAE605D-508F-CB95-3627-C2FB7FD804C0}.Release|Any CPU.ActiveCfg = Release|Any CPU
		{4AAE605D-508F-CB95-3627-C2FB7FD804C0}.Release|Any CPU.Build.0 = Release|Any CPU
	EndGlobalSection
	GlobalSection(SolutionProperties) = preSolution
		HideSolutionNode = FALSE
	EndGlobalSection
	GlobalSection(ExtensibilityGlobals) = postSolution
		SolutionGuid = {B7990D5D-55DC-41EB-B916-1FF2B6268649}
	EndGlobalSection
EndGlobal
